
Microsoft Visual Studio Solution File, Format Version 12.00
# Visual Studio Version 16
VisualStudioVersion = 16.0.29519.87
MinimumVisualStudioVersion = 10.0.40219.1
Project("{FAE04EC0-301F-11D3-BF4B-00C04F79EFBC}") = "ZAFMC", "ZAFMC.csproj", "{A0898230-0F1C-4929-8C97-7F209A3B439C}"
EndProject
Project("{FAE04EC0-301F-11D3-BF4B-00C04F79EFBC}") = "ZAFMC.Tests", "..\ZAFMC.Tests\ZAFMC.Tests.csproj", "{2FFAAAF8-F586-437A-809D-1BC9CB1B507C}"
EndProject
Project("{F14B399A-7131-4C87-9E4B-1186C45EF12D}") = "ZAFMCReports", "..\ZAFMCReports\ZAFMCReports.rptproj", "{941669DD-270F-4604-852B-5F18B11617FE}"
EndProject
Global
	GlobalSection(SolutionConfigurationPlatforms) = preSolution
		Debug|Any CPU = Debug|Any CPU
		DebugLocal|Any CPU = DebugLocal|Any CPU
		Development|Any CPU = Development|Any CPU
		Release|Any CPU = Release|Any CPU
	EndGlobalSection
	GlobalSection(ProjectConfigurationPlatforms) = postSolution
		{A0898230-0F1C-4929-8C97-7F209A3B439C}.Debug|Any CPU.ActiveCfg = Debug|Any CPU
		{A0898230-0F1C-4929-8C97-7F209A3B439C}.Debug|Any CPU.Build.0 = Debug|Any CPU
		{A0898230-0F1C-4929-8C97-7F209A3B439C}.DebugLocal|Any CPU.ActiveCfg = Debug|Any CPU
		{A0898230-0F1C-4929-8C97-7F209A3B439C}.DebugLocal|Any CPU.Build.0 = Debug|Any CPU
		{A0898230-0F1C-4929-8C97-7F209A3B439C}.Development|Any CPU.ActiveCfg = Debug|Any CPU
		{A0898230-0F1C-4929-8C97-7F209A3B439C}.Development|Any CPU.Build.0 = Debug|Any CPU
		{A0898230-0F1C-4929-8C97-7F209A3B439C}.Release|Any CPU.ActiveCfg = Release|Any CPU
		{A0898230-0F1C-4929-8C97-7F209A3B439C}.Release|Any CPU.Build.0 = Release|Any CPU
		{2FFAAAF8-F586-437A-809D-1BC9CB1B507C}.Debug|Any CPU.ActiveCfg = Debug|Any CPU
		{2FFAAAF8-F586-437A-809D-1BC9CB1B507C}.Debug|Any CPU.Build.0 = Debug|Any CPU
		{2FFAAAF8-F586-437A-809D-1BC9CB1B507C}.DebugLocal|Any CPU.ActiveCfg = Debug|Any CPU
		{2FFAAAF8-F586-437A-809D-1BC9CB1B507C}.DebugLocal|Any CPU.Build.0 = Debug|Any CPU
		{2FFAAAF8-F586-437A-809D-1BC9CB1B507C}.Development|Any CPU.ActiveCfg = Debug|Any CPU
		{2FFAAAF8-F586-437A-809D-1BC9CB1B507C}.Development|Any CPU.Build.0 = Debug|Any CPU
		{2FFAAAF8-F586-437A-809D-1BC9CB1B507C}.Release|Any CPU.ActiveCfg = Release|Any CPU
		{2FFAAAF8-F586-437A-809D-1BC9CB1B507C}.Release|Any CPU.Build.0 = Release|Any CPU
		{941669DD-270F-4604-852B-5F18B11617FE}.Debug|Any CPU.ActiveCfg = Debug
		{941669DD-270F-4604-852B-5F18B11617FE}.Debug|Any CPU.Build.0 = Debug
		{941669DD-270F-4604-852B-5F18B11617FE}.Debug|Any CPU.Deploy.0 = Debug
		{941669DD-270F-4604-852B-5F18B11617FE}.DebugLocal|Any CPU.ActiveCfg = DebugLocal
		{941669DD-270F-4604-852B-5F18B11617FE}.DebugLocal|Any CPU.Build.0 = DebugLocal
		{941669DD-270F-4604-852B-5F18B11617FE}.Development|Any CPU.ActiveCfg = DebugLocal
		{941669DD-270F-4604-852B-5F18B11617FE}.Development|Any CPU.Build.0 = DebugLocal
		{941669DD-270F-4604-852B-5F18B11617FE}.Release|Any CPU.ActiveCfg = Release
		{941669DD-270F-4604-852B-5F18B11617FE}.Release|Any CPU.Build.0 = Release
		{941669DD-270F-4604-852B-5F18B11617FE}.Release|Any CPU.Deploy.0 = Release
	EndGlobalSection
	GlobalSection(SolutionProperties) = preSolution
		HideSolutionNode = FALSE
	EndGlobalSection
	GlobalSection(ExtensibilityGlobals) = postSolution
		SolutionGuid = {52E354C6-831D-4AAF-BA28-7E9935FF74D7}
	EndGlobalSection
EndGlobal
